
Microsoft Visual Studio Solution File, Format Version 12.00
# Visual Studio Version 16
VisualStudioVersion = 16.0.33529.622
MinimumVisualStudioVersion = 10.0.40219.1
Project("{FAE04EC0-301F-11D3-BF4B-00C04F79EFBC}") = "ApplicationForEmployee", "ApplicationForEmployee\ApplicationForEmployee.csproj", "{7824F4A9-8B7C-49BD-9D27-3C9EEE99EDFC}"
EndProject
Global
	GlobalSection(SolutionConfigurationPlatforms) = preSolution
		Debug|Any CPU = Debug|Any CPU
		Release|Any CPU = Release|Any CPU
	EndGlobalSection
	GlobalSection(ProjectConfigurationPlatforms) = postSolution
		{7824F4A9-8B7C-49BD-9D27-3C9EEE99EDFC}.Debug|Any CPU.ActiveCfg = Debug|Any CPU
		{7824F4A9-8B7C-49BD-9D27-3C9EEE99EDFC}.Debug|Any CPU.Build.0 = Debug|Any CPU
		{7824F4A9-8B7C-49BD-9D27-3C9EEE99EDFC}.Release|Any CPU.ActiveCfg = Release|Any CPU
		{7824F4A9-8B7C-49BD-9D27-3C9EEE99EDFC}.Release|Any CPU.Build.0 = Release|Any CPU
	EndGlobalSection
	GlobalSection(SolutionProperties) = preSolution
		HideSolutionNode = FALSE
	EndGlobalSection
	GlobalSection(ExtensibilityGlobals) = postSolution
		SolutionGuid = {035C629F-616E-435C-84AA-48997FD9DF12}
	EndGlobalSection
EndGlobal
